
Microsoft Visual Studio Solution File, Format Version 12.00
# Visual Studio Version 17
VisualStudioVersion = 17.1.32228.430
MinimumVisualStudioVersion = 10.0.40219.1
Project("{9A19103F-16F7-4668-BE54-9A1E7A4F7556}") = "Demo.WebApi", "Demo.WebApi\Demo.WebApi.csproj", "{1F84E9F0-084A-42B2-AF4B-8150CF055D61}"
EndProject
Project("{9A19103F-16F7-4668-BE54-9A1E7A4F7556}") = "Demo.Dal", "Demo.Dal\Demo.Dal.csproj", "{5090D3BD-C14A-43B6-91B2-CF86925E4609}"
EndProject
Project("{9A19103F-16F7-4668-BE54-9A1E7A4F7556}") = "Demo.Contracts", "Demo.Contracts\Demo.Contracts.csproj", "{720A775D-A626-4DC4-9238-FC0D1D5D2BC2}"
EndProject
Project("{FAE04EC0-301F-11D3-BF4B-00C04F79EFBC}") = "Demo.Test", "Demo.Test\Demo.Test.csproj", "{B60FF01A-5843-4A90-8214-56FEEDE8D513}"
EndProject
Project("{FAE04EC0-301F-11D3-BF4B-00C04F79EFBC}") = "Demo.Bl", "Demo.Bl\Demo.Bl.csproj", "{E431A494-7671-4D74-AEA2-5053A9C0D1EB}"
EndProject
Global
	GlobalSection(SolutionConfigurationPlatforms) = preSolution
		Debug|Any CPU = Debug|Any CPU
		Release|Any CPU = Release|Any CPU
	EndGlobalSection
	GlobalSection(ProjectConfigurationPlatforms) = postSolution
		{1F84E9F0-084A-42B2-AF4B-8150CF055D61}.Debug|Any CPU.ActiveCfg = Debug|Any CPU
		{1F84E9F0-084A-42B2-AF4B-8150CF055D61}.Debug|Any CPU.Build.0 = Debug|Any CPU
		{1F84E9F0-084A-42B2-AF4B-8150CF055D61}.Release|Any CPU.ActiveCfg = Release|Any CPU
		{1F84E9F0-084A-42B2-AF4B-8150CF055D61}.Release|Any CPU.Build.0 = Release|Any CPU
		{5090D3BD-C14A-43B6-91B2-CF86925E4609}.Debug|Any CPU.ActiveCfg = Debug|Any CPU
		{5090D3BD-C14A-43B6-91B2-CF86925E4609}.Debug|Any CPU.Build.0 = Debug|Any CPU
		{5090D3BD-C14A-43B6-91B2-CF86925E4609}.Release|Any CPU.ActiveCfg = Release|Any CPU
		{5090D3BD-C14A-43B6-91B2-CF86925E4609}.Release|Any CPU.Build.0 = Release|Any CPU
		{720A775D-A626-4DC4-9238-FC0D1D5D2BC2}.Debug|Any CPU.ActiveCfg = Debug|Any CPU
		{720A775D-A626-4DC4-9238-FC0D1D5D2BC2}.Debug|Any CPU.Build.0 = Debug|Any CPU
		{720A775D-A626-4DC4-9238-FC0D1D5D2BC2}.Release|Any CPU.ActiveCfg = Release|Any CPU
		{720A775D-A626-4DC4-9238-FC0D1D5D2BC2}.Release|Any CPU.Build.0 = Release|Any CPU
		{B60FF01A-5843-4A90-8214-56FEEDE8D513}.Debug|Any CPU.ActiveCfg = Debug|Any CPU
		{B60FF01A-5843-4A90-8214-56FEEDE8D513}.Debug|Any CPU.Build.0 = Debug|Any CPU
		{B60FF01A-5843-4A90-8214-56FEEDE8D513}.Release|Any CPU.ActiveCfg = Release|Any CPU
		{B60FF01A-5843-4A90-8214-56FEEDE8D513}.Release|Any CPU.Build.0 = Release|Any CPU
		{E431A494-7671-4D74-AEA2-5053A9C0D1EB}.Debug|Any CPU.ActiveCfg = Debug|Any CPU
		{E431A494-7671-4D74-AEA2-5053A9C0D1EB}.Debug|Any CPU.Build.0 = Debug|Any CPU
		{E431A494-7671-4D74-AEA2-5053A9C0D1EB}.Release|Any CPU.ActiveCfg = Release|Any CPU
		{E431A494-7671-4D74-AEA2-5053A9C0D1EB}.Release|Any CPU.Build.0 = Release|Any CPU
	EndGlobalSection
	GlobalSection(SolutionProperties) = preSolution
		HideSolutionNode = FALSE
	EndGlobalSection
	GlobalSection(ExtensibilityGlobals) = postSolution
		SolutionGuid = {2F3275E9-83AC-481D-8B7E-59FACEC378F2}
	EndGlobalSection
EndGlobal
